
Microsoft Visual Studio Solution File, Format Version 12.00
# Visual Studio Version 16
VisualStudioVersion = 16.0.30011.22
MinimumVisualStudioVersion = 10.0.40219.1
Project("{FAE04EC0-301F-11D3-BF4B-00C04F79EFBC}") = "BID501Client", "BID501Client\BID501Client.csproj", "{129CD8DA-633D-4886-ADFA-0BAC4165E664}"
EndProject
Project("{FAE04EC0-301F-11D3-BF4B-00C04F79EFBC}") = "AuctionLibrary", "AuctionLibrary\AuctionLibrary.csproj", "{1D30AFAA-E8AB-4C22-B0BA-88462C46B73D}"
EndProject
Global
	GlobalSection(SolutionConfigurationPlatforms) = preSolution
		Debug|Any CPU = Debug|Any CPU
		Release|Any CPU = Release|Any CPU
	EndGlobalSection
	GlobalSection(ProjectConfigurationPlatforms) = postSolution
		{129CD8DA-633D-4886-ADFA-0BAC4165E664}.Debug|Any CPU.ActiveCfg = Debug|Any CPU
		{129CD8DA-633D-4886-ADFA-0BAC4165E664}.Debug|Any CPU.Build.0 = Debug|Any CPU
		{129CD8DA-633D-4886-ADFA-0BAC4165E664}.Release|Any CPU.ActiveCfg = Release|Any CPU
		{129CD8DA-633D-4886-ADFA-0BAC4165E664}.Release|Any CPU.Build.0 = Release|Any CPU
		{1D30AFAA-E8AB-4C22-B0BA-88462C46B73D}.Debug|Any CPU.ActiveCfg = Debug|Any CPU
		{1D30AFAA-E8AB-4C22-B0BA-88462C46B73D}.Debug|Any CPU.Build.0 = Debug|Any CPU
		{1D30AFAA-E8AB-4C22-B0BA-88462C46B73D}.Release|Any CPU.ActiveCfg = Release|Any CPU
		{1D30AFAA-E8AB-4C22-B0BA-88462C46B73D}.Release|Any CPU.Build.0 = Release|Any CPU
	EndGlobalSection
	GlobalSection(SolutionProperties) = preSolution
		HideSolutionNode = FALSE
	EndGlobalSection
	GlobalSection(ExtensibilityGlobals) = postSolution
		SolutionGuid = {CD9CD068-B6D1-425B-B34B-5E0D3E729E53}
	EndGlobalSection
EndGlobal
